
Microsoft Visual Studio Solution File, Format Version 12.00
# Visual Studio 15
VisualStudioVersion = 15.0.28307.1209
MinimumVisualStudioVersion = 10.0.40219.1
Project("{FAE04EC0-301F-11D3-BF4B-00C04F79EFBC}") = "Sample1", "Sample1\Sample1.csproj", "{BB813FF7-A6BB-4728-8AB0-A96B0186D852}"
EndProject
Global
	GlobalSection(SolutionConfigurationPlatforms) = preSolution
		Debug|Any CPU = Debug|Any CPU
		Release|Any CPU = Release|Any CPU
	EndGlobalSection
	GlobalSection(ProjectConfigurationPlatforms) = postSolution
		{BB813FF7-A6BB-4728-8AB0-A96B0186D852}.Debug|Any CPU.ActiveCfg = Debug|Any CPU
		{BB813FF7-A6BB-4728-8AB0-A96B0186D852}.Debug|Any CPU.Build.0 = Debug|Any CPU
		{BB813FF7-A6BB-4728-8AB0-A96B0186D852}.Release|Any CPU.ActiveCfg = Release|Any CPU
		{BB813FF7-A6BB-4728-8AB0-A96B0186D852}.Release|Any CPU.Build.0 = Release|Any CPU
	EndGlobalSection
	GlobalSection(SolutionProperties) = preSolution
		HideSolutionNode = FALSE
	EndGlobalSection
	GlobalSection(ExtensibilityGlobals) = postSolution
		SolutionGuid = {2E4E960A-A9DC-4F83-B0A1-86A869521DB5}
	EndGlobalSection
EndGlobal
